
Microsoft Visual Studio Solution File, Format Version 12.00
# Visual Studio 14
VisualStudioVersion = 14.0.21722.1
MinimumVisualStudioVersion = 10.0.40219.1
Project("{8BB2217D-0F2D-49D1-97BC-3654ED321F3B}") = "WebApp", "WebApp\WebApp.kproj", "{1A120FCD-74BB-4050-BB4D-7DCB153D8186}"
EndProject
Project("{8BB2217D-0F2D-49D1-97BC-3654ED321F3B}") = "Tests", "Tests\Tests.kproj", "{8D1CBBF3-2CF1-4549-B457-77B9EB4BC77E}"
EndProject
Project("{8BB2217D-0F2D-49D1-97BC-3654ED321F3B}") = "InMemoryStoreViewer", "InMemoryStoreViewer\InMemoryStoreViewer.kproj", "{3B76522D-0FC5-44AF-B7A1-72BF95C8A276}"
EndProject
Global
	GlobalSection(SolutionConfigurationPlatforms) = preSolution
		Debug|Any CPU = Debug|Any CPU
		Release|Any CPU = Release|Any CPU
	EndGlobalSection
	GlobalSection(ProjectConfigurationPlatforms) = postSolution
		{1A120FCD-74BB-4050-BB4D-7DCB153D8186}.Debug|Any CPU.ActiveCfg = Debug|Any CPU
		{1A120FCD-74BB-4050-BB4D-7DCB153D8186}.Debug|Any CPU.Build.0 = Debug|Any CPU
		{1A120FCD-74BB-4050-BB4D-7DCB153D8186}.Release|Any CPU.ActiveCfg = Release|Any CPU
		{1A120FCD-74BB-4050-BB4D-7DCB153D8186}.Release|Any CPU.Build.0 = Release|Any CPU
		{8D1CBBF3-2CF1-4549-B457-77B9EB4BC77E}.Debug|Any CPU.ActiveCfg = Debug|Any CPU
		{8D1CBBF3-2CF1-4549-B457-77B9EB4BC77E}.Debug|Any CPU.Build.0 = Debug|Any CPU
		{8D1CBBF3-2CF1-4549-B457-77B9EB4BC77E}.Release|Any CPU.ActiveCfg = Release|Any CPU
		{8D1CBBF3-2CF1-4549-B457-77B9EB4BC77E}.Release|Any CPU.Build.0 = Release|Any CPU
		{3B76522D-0FC5-44AF-B7A1-72BF95C8A276}.Debug|Any CPU.ActiveCfg = Debug|Any CPU
		{3B76522D-0FC5-44AF-B7A1-72BF95C8A276}.Debug|Any CPU.Build.0 = Debug|Any CPU
		{3B76522D-0FC5-44AF-B7A1-72BF95C8A276}.Release|Any CPU.ActiveCfg = Release|Any CPU
		{3B76522D-0FC5-44AF-B7A1-72BF95C8A276}.Release|Any CPU.Build.0 = Release|Any CPU
	EndGlobalSection
	GlobalSection(SolutionProperties) = preSolution
		HideSolutionNode = FALSE
	EndGlobalSection
EndGlobal
